<Solution>
  <Folder Name="/Simulador/">
    <Project Path="SimuladorEstapar/SimuladorEstapar.csproj" Id="3dc71cb7-29af-448a-9089-d6eecc40fecd" />
  </Folder>
  <Folder Name="/src/" />
  <Folder Name="/src/Api/">
    <Project Path="src/Estapar.Api/Estapar.Api.csproj" />
  </Folder>
  <Folder Name="/src/Application/">
    <Project Path="src/Estapar.Application/Estapar.Application.csproj" />
  </Folder>
  <Folder Name="/src/Domain/">
    <Project Path="src/Estapar.Domain/Estapar.Domain.csproj" />
  </Folder>
  <Folder Name="/src/Infraestructure/">
    <Project Path="src/Estapar.Infraestructure/Estapar.Infraestructure.csproj" />
  </Folder>
</Solution>
